// !$*UTF8*$!
{
	archiveVersion = 1;
	classes = {
	};
	objectVersion = 50;
	objects = {

/* Begin PBXBuildFile section */
		3361164F215CC2E500CD50C6 /* AppDelegate.m in Sources */ = {isa = PBXBuildFile; fileRef = 3361164E215CC2E500CD50C6 /* AppDelegate.m */; };
		33611652215CC2E500CD50C6 /* FirstViewController.m in Sources */ = {isa = PBXBuildFile; fileRef = 33611651215CC2E500CD50C6 /* FirstViewController.m */; };
		33611655215CC2E500CD50C6 /* SecondViewController.m in Sources */ = {isa = PBXBuildFile; fileRef = 33611654215CC2E500CD50C6 /* SecondViewController.m */; };
		33611658215CC2E600CD50C6 /* Main.storyboard in Resources */ = {isa = PBXBuildFile; fileRef = 33611656215CC2E600CD50C6 /* Main.storyboard */; };
		3361165A215CC2E700CD50C6 /* Assets.xcassets in Resources */ = {isa = PBXBuildFile; fileRef = 33611659215CC2E700CD50C6 /* Assets.xcassets */; };
		3361165D215CC2E700CD50C6 /* LaunchScreen.storyboard in Resources */ = {isa = PBXBuildFile; fileRef = 3361165B215CC2E700CD50C6 /* LaunchScreen.storyboard */; };
		33611660215CC2E700CD50C6 /* main.m in Sources */ = {isa = PBXBuildFile; fileRef = 3361165F215CC2E700CD50C6 /* main.m */; };
		33F4596E215CCB4F0048BC46 /* AuthViewModel.m in Sources */ = {isa = PBXBuildFile; fileRef = 33F4596D215CCB4F0048BC46 /* AuthViewModel.m */; };
		33F45971215CCB840048BC46 /* SignupViewModel.m in Sources */ = {isa = PBXBuildFile; fileRef = 33F45970215CCB840048BC46 /* SignupViewModel.m */; };
		33F45974215CCB910048BC46 /* LoginViewModel.m in Sources */ = {isa = PBXBuildFile; fileRef = 33F45973215CCB910048BC46 /* LoginViewModel.m */; };
		33F45984215CD0E80048BC46 /* AuthViewModelTest.m in Sources */ = {isa = PBXBuildFile; fileRef = 33F45983215CD0E80048BC46 /* AuthViewModelTest.m */; };
		33F45986215CD61C0048BC46 /* SignupViewModelTest.m in Sources */ = {isa = PBXBuildFile; fileRef = 33F45985215CD61C0048BC46 /* SignupViewModelTest.m */; };
		33F45988215CDD820048BC46 /* a.png in Resources */ = {isa = PBXBuildFile; fileRef = 33F45987215CDD820048BC46 /* a.png */; };
		33F4598C215CE2590048BC46 /* AFHTTPSessionManager+RACSupport.m in Sources */ = {isa = PBXBuildFile; fileRef = 33F4598B215CE2590048BC46 /* AFHTTPSessionManager+RACSupport.m */; };
		33F4598E215CE7A40048BC46 /* libAFNetworking.a in Frameworks */ = {isa = PBXBuildFile; fileRef = 33F4598D215CE7A40048BC46 /* libAFNetworking.a */; };
		33F45990215CE7A40048BC46 /* libJSONModel.a in Frameworks */ = {isa = PBXBuildFile; fileRef = 33F4598F215CE7A40048BC46 /* libJSONModel.a */; };
		33F45992215CE7A40048BC46 /* libMasonry.a in Frameworks */ = {isa = PBXBuildFile; fileRef = 33F45991215CE7A40048BC46 /* libMasonry.a */; };
		33F45994215CE7A40048BC46 /* libPods-SkyPixel.a in Frameworks */ = {isa = PBXBuildFile; fileRef = 33F45993215CE7A40048BC46 /* libPods-SkyPixel.a */; };
		33F45996215CE7A40048BC46 /* libReactiveObjC.a in Frameworks */ = {isa = PBXBuildFile; fileRef = 33F45995215CE7A40048BC46 /* libReactiveObjC.a */; };
		33F45998215CE7A40048BC46 /* libSVProgressHUD.a in Frameworks */ = {isa = PBXBuildFile; fileRef = 33F45997215CE7A40048BC46 /* libSVProgressHUD.a */; };
		6E715378BA3B78F063D009F7 /* libPods-SkyPixel.a in Frameworks */ = {isa = PBXBuildFile; fileRef = 810C3DCD23463F5B9E862D0D /* libPods-SkyPixel.a */; };
/* End PBXBuildFile section */

/* Begin PBXContainerItemProxy section */
		33F4597E215CD0010048BC46 /* PBXContainerItemProxy */ = {
			isa = PBXContainerItemProxy;
			containerPortal = 33611642215CC2E500CD50C6 /* Project object */;
			proxyType = 1;
			remoteGlobalIDString = 33611649215CC2E500CD50C6;
			remoteInfo = SkyPixel;
		};
/* End PBXContainerItemProxy section */

/* Begin PBXFileReference section */
		3361164A215CC2E500CD50C6 /* SkyPixel.app */ = {isa = PBXFileReference; explicitFileType = wrapper.application; includeInIndex = 0; path = SkyPixel.app; sourceTree = BUILT_PRODUCTS_DIR; };
		3361164D215CC2E500CD50C6 /* AppDelegate.h */ = {isa = PBXFileReference; lastKnownFileType = sourcecode.c.h; path = AppDelegate.h; sourceTree = "<group>"; };
		3361164E215CC2E500CD50C6 /* AppDelegate.m */ = {isa = PBXFileReference; lastKnownFileType = sourcecode.c.objc; path = AppDelegate.m; sourceTree = "<group>"; };
		33611650215CC2E500CD50C6 /* FirstViewController.h */ = {isa = PBXFileReference; lastKnownFileType = sourcecode.c.h; path = FirstViewController.h; sourceTree = "<group>"; };
		33611651215CC2E500CD50C6 /* FirstViewController.m */ = {isa = PBXFileReference; lastKnownFileType = sourcecode.c.objc; path = FirstViewController.m; sourceTree = "<group>"; };
		33611653215CC2E500CD50C6 /* SecondViewController.h */ = {isa = PBXFileReference; lastKnownFileType = sourcecode.c.h; path = SecondViewController.h; sourceTree = "<group>"; };
		33611654215CC2E500CD50C6 /* SecondViewController.m */ = {isa = PBXFileReference; lastKnownFileType = sourcecode.c.objc; path = SecondViewController.m; sourceTree = "<group>"; };
		33611657215CC2E600CD50C6 /* Base */ = {isa = PBXFileReference; lastKnownFileType = file.storyboard; name = Base; path = Base.lproj/Main.storyboard; sourceTree = "<group>"; };
		33611659215CC2E700CD50C6 /* Assets.xcassets */ = {isa = PBXFileReference; lastKnownFileType = folder.assetcatalog; path = Assets.xcassets; sourceTree = "<group>"; };
		3361165C215CC2E700CD50C6 /* Base */ = {isa = PBXFileReference; lastKnownFileType = file.storyboard; name = Base; path = Base.lproj/LaunchScreen.storyboard; sourceTree = "<group>"; };
		3361165E215CC2E700CD50C6 /* Info.plist */ = {isa = PBXFileReference; lastKnownFileType = text.plist.xml; path = Info.plist; sourceTree = "<group>"; };
		3361165F215CC2E700CD50C6 /* main.m */ = {isa = PBXFileReference; lastKnownFileType = sourcecode.c.objc; path = main.m; sourceTree = "<group>"; };
		33F4596C215CCB4F0048BC46 /* AuthViewModel.h */ = {isa = PBXFileReference; lastKnownFileType = sourcecode.c.h; path = AuthViewModel.h; sourceTree = "<group>"; };
		33F4596D215CCB4F0048BC46 /* AuthViewModel.m */ = {isa = PBXFileReference; lastKnownFileType = sourcecode.c.objc; path = AuthViewModel.m; sourceTree = "<group>"; };
		33F4596F215CCB840048BC46 /* SignupViewModel.h */ = {isa = PBXFileReference; lastKnownFileType = sourcecode.c.h; path = SignupViewModel.h; sourceTree = "<group>"; };
		33F45970215CCB840048BC46 /* SignupViewModel.m */ = {isa = PBXFileReference; lastKnownFileType = sourcecode.c.objc; path = SignupViewModel.m; sourceTree = "<group>"; };
		33F45972215CCB910048BC46 /* LoginViewModel.h */ = {isa = PBXFileReference; lastKnownFileType = sourcecode.c.h; path = LoginViewModel.h; sourceTree = "<group>"; };
		33F45973215CCB910048BC46 /* LoginViewModel.m */ = {isa = PBXFileReference; lastKnownFileType = sourcecode.c.objc; path = LoginViewModel.m; sourceTree = "<group>"; };
		33F45979215CD0010048BC46 /* SkyPixelTests.xctest */ = {isa = PBXFileReference; explicitFileType = wrapper.cfbundle; includeInIndex = 0; path = SkyPixelTests.xctest; sourceTree = BUILT_PRODUCTS_DIR; };
		33F4597D215CD0010048BC46 /* Info.plist */ = {isa = PBXFileReference; lastKnownFileType = text.plist.xml; path = Info.plist; sourceTree = "<group>"; };
		33F45983215CD0E80048BC46 /* AuthViewModelTest.m */ = {isa = PBXFileReference; lastKnownFileType = sourcecode.c.objc; path = AuthViewModelTest.m; sourceTree = "<group>"; };
		33F45985215CD61C0048BC46 /* SignupViewModelTest.m */ = {isa = PBXFileReference; fileEncoding = 4; lastKnownFileType = sourcecode.c.objc; path = SignupViewModelTest.m; sourceTree = "<group>"; };
		33F45987215CDD820048BC46 /* a.png */ = {isa = PBXFileReference; lastKnownFileType = image.png; path = a.png; sourceTree = "<group>"; };
		33F4598A215CE2590048BC46 /* AFHTTPSessionManager+RACSupport.h */ = {isa = PBXFileReference; lastKnownFileType = sourcecode.c.h; path = "AFHTTPSessionManager+RACSupport.h"; sourceTree = "<group>"; };
		33F4598B215CE2590048BC46 /* AFHTTPSessionManager+RACSupport.m */ = {isa = PBXFileReference; lastKnownFileType = sourcecode.c.objc; path = "AFHTTPSessionManager+RACSupport.m"; sourceTree = "<group>"; };
		33F4598D215CE7A40048BC46 /* libAFNetworking.a */ = {isa = PBXFileReference; explicitFileType = archive.ar; path = libAFNetworking.a; sourceTree = BUILT_PRODUCTS_DIR; };
		33F4598F215CE7A40048BC46 /* libJSONModel.a */ = {isa = PBXFileReference; explicitFileType = archive.ar; path = libJSONModel.a; sourceTree = BUILT_PRODUCTS_DIR; };
		33F45991215CE7A40048BC46 /* libMasonry.a */ = {isa = PBXFileReference; explicitFileType = archive.ar; path = libMasonry.a; sourceTree = BUILT_PRODUCTS_DIR; };
		33F45993215CE7A40048BC46 /* libPods-SkyPixel.a */ = {isa = PBXFileReference; explicitFileType = archive.ar; path = "libPods-SkyPixel.a"; sourceTree = BUILT_PRODUCTS_DIR; };
		33F45995215CE7A40048BC46 /* libReactiveObjC.a */ = {isa = PBXFileReference; explicitFileType = archive.ar; path = libReactiveObjC.a; sourceTree = BUILT_PRODUCTS_DIR; };
		33F45997215CE7A40048BC46 /* libSVProgressHUD.a */ = {isa = PBXFileReference; explicitFileType = archive.ar; path = libSVProgressHUD.a; sourceTree = BUILT_PRODUCTS_DIR; };
		5D07E627CEF9D58967ED69DB /* Pods-SkyPixel.debug.xcconfig */ = {isa = PBXFileReference; includeInIndex = 1; lastKnownFileType = text.xcconfig; name = "Pods-SkyPixel.debug.xcconfig"; path = "Pods/Target Support Files/Pods-SkyPixel/Pods-SkyPixel.debug.xcconfig"; sourceTree = "<group>"; };
		810C3DCD23463F5B9E862D0D /* libPods-SkyPixel.a */ = {isa = PBXFileReference; explicitFileType = archive.ar; includeInIndex = 0; path = "libPods-SkyPixel.a"; sourceTree = BUILT_PRODUCTS_DIR; };
		E3690AAE93EE00F3E02590F4 /* Pods-SkyPixel.release.xcconfig */ = {isa = PBXFileReference; includeInIndex = 1; lastKnownFileType = text.xcconfig; name = "Pods-SkyPixel.release.xcconfig"; path = "Pods/Target Support Files/Pods-SkyPixel/Pods-SkyPixel.release.xcconfig"; sourceTree = "<group>"; };
/* End PBXFileReference section */

/* Begin PBXFrameworksBuildPhase section */
		33611647215CC2E500CD50C6 /* Frameworks */ = {
			isa = PBXFrameworksBuildPhase;
			buildActionMask = 2147483647;
			files = (
				6E715378BA3B78F063D009F7 /* libPods-SkyPixel.a in Frameworks */,
			);
			runOnlyForDeploymentPostprocessing = 0;
		};
		33F45976215CD0010048BC46 /* Frameworks */ = {
			isa = PBXFrameworksBuildPhase;
			buildActionMask = 2147483647;
			files = (
				33F4598E215CE7A40048BC46 /* libAFNetworking.a in Frameworks */,
				33F45990215CE7A40048BC46 /* libJSONModel.a in Frameworks */,
				33F45992215CE7A40048BC46 /* libMasonry.a in Frameworks */,
				33F45994215CE7A40048BC46 /* libPods-SkyPixel.a in Frameworks */,
				33F45996215CE7A40048BC46 /* libReactiveObjC.a in Frameworks */,
				33F45998215CE7A40048BC46 /* libSVProgressHUD.a in Frameworks */,
			);
			runOnlyForDeploymentPostprocessing = 0;
		};
/* End PBXFrameworksBuildPhase section */

/* Begin PBXGroup section */
		20815E4EF60105CFAAB16E29 /* Pods */ = {
			isa = PBXGroup;
			children = (
				5D07E627CEF9D58967ED69DB /* Pods-SkyPixel.debug.xcconfig */,
				E3690AAE93EE00F3E02590F4 /* Pods-SkyPixel.release.xcconfig */,
			);
			name = Pods;
			sourceTree = "<group>";
		};
		33611641215CC2E500CD50C6 = {
			isa = PBXGroup;
			children = (
				3361164C215CC2E500CD50C6 /* SkyPixel */,
				33F4597A215CD0010048BC46 /* SkyPixelTests */,
				3361164B215CC2E500CD50C6 /* Products */,
				20815E4EF60105CFAAB16E29 /* Pods */,
				BD6BFF92AA3707DA9CE5F6E8 /* Frameworks */,
			);
			sourceTree = "<group>";
		};
		3361164B215CC2E500CD50C6 /* Products */ = {
			isa = PBXGroup;
			children = (
				3361164A215CC2E500CD50C6 /* SkyPixel.app */,
				33F45979215CD0010048BC46 /* SkyPixelTests.xctest */,
			);
			name = Products;
			sourceTree = "<group>";
		};
		3361164C215CC2E500CD50C6 /* SkyPixel */ = {
			isa = PBXGroup;
			children = (
				33F45989215CE21E0048BC46 /* AFNetworking+RACSupport */,
				33F4596B215CCB2F0048BC46 /* ViewModel */,
				3361164D215CC2E500CD50C6 /* AppDelegate.h */,
				3361164E215CC2E500CD50C6 /* AppDelegate.m */,
				33611650215CC2E500CD50C6 /* FirstViewController.h */,
				33611651215CC2E500CD50C6 /* FirstViewController.m */,
				33611653215CC2E500CD50C6 /* SecondViewController.h */,
				33611654215CC2E500CD50C6 /* SecondViewController.m */,
				33611656215CC2E600CD50C6 /* Main.storyboard */,
				33F45987215CDD820048BC46 /* a.png */,
				33611659215CC2E700CD50C6 /* Assets.xcassets */,
				3361165B215CC2E700CD50C6 /* LaunchScreen.storyboard */,
				3361165E215CC2E700CD50C6 /* Info.plist */,
				3361165F215CC2E700CD50C6 /* main.m */,
			);
			path = SkyPixel;
			sourceTree = "<group>";
		};
		33F4596B215CCB2F0048BC46 /* ViewModel */ = {
			isa = PBXGroup;
			children = (
				33F4596C215CCB4F0048BC46 /* AuthViewModel.h */,
				33F4596D215CCB4F0048BC46 /* AuthViewModel.m */,
				33F4596F215CCB840048BC46 /* SignupViewModel.h */,
				33F45970215CCB840048BC46 /* SignupViewModel.m */,
				33F45972215CCB910048BC46 /* LoginViewModel.h */,
				33F45973215CCB910048BC46 /* LoginViewModel.m */,
			);
			path = ViewModel;
			sourceTree = "<group>";
		};
		33F4597A215CD0010048BC46 /* SkyPixelTests */ = {
			isa = PBXGroup;
			children = (
				33F45985215CD61C0048BC46 /* SignupViewModelTest.m */,
				33F45983215CD0E80048BC46 /* AuthViewModelTest.m */,
				33F4597D215CD0010048BC46 /* Info.plist */,
			);
			path = SkyPixelTests;
			sourceTree = "<group>";
		};
		33F45989215CE21E0048BC46 /* AFNetworking+RACSupport */ = {
			isa = PBXGroup;
			children = (
				33F4598A215CE2590048BC46 /* AFHTTPSessionManager+RACSupport.h */,
				33F4598B215CE2590048BC46 /* AFHTTPSessionManager+RACSupport.m */,
			);
			path = "AFNetworking+RACSupport";
			sourceTree = "<group>";
		};
		BD6BFF92AA3707DA9CE5F6E8 /* Frameworks */ = {
			isa = PBXGroup;
			children = (
				33F4598D215CE7A40048BC46 /* libAFNetworking.a */,
				33F4598F215CE7A40048BC46 /* libJSONModel.a */,
				33F45991215CE7A40048BC46 /* libMasonry.a */,
				33F45993215CE7A40048BC46 /* libPods-SkyPixel.a */,
				33F45995215CE7A40048BC46 /* libReactiveObjC.a */,
				33F45997215CE7A40048BC46 /* libSVProgressHUD.a */,
				810C3DCD23463F5B9E862D0D /* libPods-SkyPixel.a */,
			);
			name = Frameworks;
			sourceTree = "<group>";
		};
/* End PBXGroup section */

/* Begin PBXNativeTarget section */
		33611649215CC2E500CD50C6 /* SkyPixel */ = {
			isa = PBXNativeTarget;
			buildConfigurationList = 33611663215CC2E700CD50C6 /* Build configuration list for PBXNativeTarget "SkyPixel" */;
			buildPhases = (
				C81A41325971964521A88B7B /* [CP] Check Pods Manifest.lock */,
				33611646215CC2E500CD50C6 /* Sources */,
				33611647215CC2E500CD50C6 /* Frameworks */,
				33611648215CC2E500CD50C6 /* Resources */,
				48D026BBC36FF899D6A351C5 /* [CP] Copy Pods Resources */,
			);
			buildRules = (
			);
			dependencies = (
			);
			name = SkyPixel;
			productName = SkyPixel;
			productReference = 3361164A215CC2E500CD50C6 /* SkyPixel.app */;
			productType = "com.apple.product-type.application";
		};
		33F45978215CD0010048BC46 /* SkyPixelTests */ = {
			isa = PBXNativeTarget;
			buildConfigurationList = 33F45980215CD0010048BC46 /* Build configuration list for PBXNativeTarget "SkyPixelTests" */;
			buildPhases = (
				33F45975215CD0010048BC46 /* Sources */,
				33F45976215CD0010048BC46 /* Frameworks */,
				33F45977215CD0010048BC46 /* Resources */,
			);
			buildRules = (
			);
			dependencies = (
				33F4597F215CD0010048BC46 /* PBXTargetDependency */,
			);
			name = SkyPixelTests;
			productName = SkyPixelTests;
			productReference = 33F45979215CD0010048BC46 /* SkyPixelTests.xctest */;
			productType = "com.apple.product-type.bundle.unit-test";
		};
/* End PBXNativeTarget section */

/* Begin PBXProject section */
		33611642215CC2E500CD50C6 /* Project object */ = {
			isa = PBXProject;
			attributes = {
				LastUpgradeCheck = 0940;
				ORGANIZATIONNAME = "Xiang Studio";
				TargetAttributes = {
					33611649215CC2E500CD50C6 = {
						CreatedOnToolsVersion = 9.4.1;
					};
					33F45978215CD0010048BC46 = {
						CreatedOnToolsVersion = 9.4.1;
						TestTargetID = 33611649215CC2E500CD50C6;
					};
				};
			};
			buildConfigurationList = 33611645215CC2E500CD50C6 /* Build configuration list for PBXProject "SkyPixel" */;
			compatibilityVersion = "Xcode 9.3";
			developmentRegion = en;
			hasScannedForEncodings = 0;
			knownRegions = (
				en,
				Base,
			);
			mainGroup = 33611641215CC2E500CD50C6;
			productRefGroup = 3361164B215CC2E500CD50C6 /* Products */;
			projectDirPath = "";
			projectRoot = "";
			targets = (
				33611649215CC2E500CD50C6 /* SkyPixel */,
				33F45978215CD0010048BC46 /* SkyPixelTests */,
			);
		};
/* End PBXProject section */

/* Begin PBXResourcesBuildPhase section */
		33611648215CC2E500CD50C6 /* Resources */ = {
			isa = PBXResourcesBuildPhase;
			buildActionMask = 2147483647;
			files = (
				3361165D215CC2E700CD50C6 /* LaunchScreen.storyboard in Resources */,
				3361165A215CC2E700CD50C6 /* Assets.xcassets in Resources */,
				33611658215CC2E600CD50C6 /* Main.storyboard in Resources */,
				33F45988215CDD820048BC46 /* a.png in Resources */,
			);
			runOnlyForDeploymentPostprocessing = 0;
		};
		33F45977215CD0010048BC46 /* Resources */ = {
			isa = PBXResourcesBuildPhase;
			buildActionMask = 2147483647;
			files = (
			);
			runOnlyForDeploymentPostprocessing = 0;
		};
/* End PBXResourcesBuildPhase section */

/* Begin PBXShellScriptBuildPhase section */
		48D026BBC36FF899D6A351C5 /* [CP] Copy Pods Resources */ = {
			isa = PBXShellScriptBuildPhase;
			buildActionMask = 2147483647;
			files = (
			);
			inputPaths = (
				"${SRCROOT}/Pods/Target Support Files/Pods-SkyPixel/Pods-SkyPixel-resources.sh",
				"${PODS_ROOT}/SVProgressHUD/SVProgressHUD/SVProgressHUD.bundle",
			);
			name = "[CP] Copy Pods Resources";
			outputPaths = (
				"${TARGET_BUILD_DIR}/${UNLOCALIZED_RESOURCES_FOLDER_PATH}/SVProgressHUD.bundle",
			);
			runOnlyForDeploymentPostprocessing = 0;
			shellPath = /bin/sh;
			shellScript = "\"${SRCROOT}/Pods/Target Support Files/Pods-SkyPixel/Pods-SkyPixel-resources.sh\"\n";
			showEnvVarsInLog = 0;
		};
		C81A41325971964521A88B7B /* [CP] Check Pods Manifest.lock */ = {
			isa = PBXShellScriptBuildPhase;
			buildActionMask = 2147483647;
			files = (
			);
			inputPaths = (
				"${PODS_PODFILE_DIR_PATH}/Podfile.lock",
				"${PODS_ROOT}/Manifest.lock",
			);
			name = "[CP] Check Pods Manifest.lock";
			outputPaths = (
				"$(DERIVED_FILE_DIR)/Pods-SkyPixel-checkManifestLockResult.txt",
			);
			runOnlyForDeploymentPostprocessing = 0;
			shellPath = /bin/sh;
			shellScript = "diff \"${PODS_PODFILE_DIR_PATH}/Podfile.lock\" \"${PODS_ROOT}/Manifest.lock\" > /dev/null\nif [ $? != 0 ] ; then\n    # print error to STDERR\n    echo \"error: The sandbox is not in sync with the Podfile.lock. Run 'pod install' or update your CocoaPods installation.\" >&2\n    exit 1\nfi\n# This output is used by Xcode 'outputs' to avoid re-running this script phase.\necho \"SUCCESS\" > \"${SCRIPT_OUTPUT_FILE_0}\"\n";
			showEnvVarsInLog = 0;
		};
/* End PBXShellScriptBuildPhase section */

/* Begin PBXSourcesBuildPhase section */
		33611646215CC2E500CD50C6 /* Sources */ = {
			isa = PBXSourcesBuildPhase;
			buildActionMask = 2147483647;
			files = (
				33F4598C215CE2590048BC46 /* AFHTTPSessionManager+RACSupport.m in Sources */,
				33F45971215CCB840048BC46 /* SignupViewModel.m in Sources */,
				33611655215CC2E500CD50C6 /* SecondViewController.m in Sources */,
				3361164F215CC2E500CD50C6 /* AppDelegate.m in Sources */,
				33611660215CC2E700CD50C6 /* main.m in Sources */,
				33F45974215CCB910048BC46 /* LoginViewModel.m in Sources */,
				33611652215CC2E500CD50C6 /* FirstViewController.m in Sources */,
				33F4596E215CCB4F0048BC46 /* AuthViewModel.m in Sources */,
			);
			runOnlyForDeploymentPostprocessing = 0;
		};
		33F45975215CD0010048BC46 /* Sources */ = {
			isa = PBXSourcesBuildPhase;
			buildActionMask = 2147483647;
			files = (
				33F45986215CD61C0048BC46 /* SignupViewModelTest.m in Sources */,
				33F45984215CD0E80048BC46 /* AuthViewModelTest.m in Sources */,
			);
			runOnlyForDeploymentPostprocessing = 0;
		};
/* End PBXSourcesBuildPhase section */

/* Begin PBXTargetDependency section */
		33F4597F215CD0010048BC46 /* PBXTargetDependency */ = {
			isa = PBXTargetDependency;
			target = 33611649215CC2E500CD50C6 /* SkyPixel */;
			targetProxy = 33F4597E215CD0010048BC46 /* PBXContainerItemProxy */;
		};
/* End PBXTargetDependency section */

/* Begin PBXVariantGroup section */
		33611656215CC2E600CD50C6 /* Main.storyboard */ = {
			isa = PBXVariantGroup;
			children = (
				33611657215CC2E600CD50C6 /* Base */,
			);
			name = Main.storyboard;
			sourceTree = "<group>";
		};
		3361165B215CC2E700CD50C6 /* LaunchScreen.storyboard */ = {
			isa = PBXVariantGroup;
			children = (
				3361165C215CC2E700CD50C6 /* Base */,
			);
			name = LaunchScreen.storyboard;
			sourceTree = "<group>";
		};
/* End PBXVariantGroup section */

/* Begin XCBuildConfiguration section */
		33611661215CC2E700CD50C6 /* Debug */ = {
			isa = XCBuildConfiguration;
			buildSettings = {
				ALWAYS_SEARCH_USER_PATHS = NO;
				CLANG_ANALYZER_NONNULL = YES;
				CLANG_ANALYZER_NUMBER_OBJECT_CONVERSION = YES_AGGRESSIVE;
				CLANG_CXX_LANGUAGE_STANDARD = "gnu++14";
				CLANG_CXX_LIBRARY = "libc++";
				CLANG_ENABLE_MODULES = YES;
				CLANG_ENABLE_OBJC_ARC = YES;
				CLANG_ENABLE_OBJC_WEAK = YES;
				CLANG_WARN_BLOCK_CAPTURE_AUTORELEASING = YES;
				CLANG_WARN_BOOL_CONVERSION = YES;
				CLANG_WARN_COMMA = YES;
				CLANG_WARN_CONSTANT_CONVERSION = YES;
				CLANG_WARN_DEPRECATED_OBJC_IMPLEMENTATIONS = YES;
				CLANG_WARN_DIRECT_OBJC_ISA_USAGE = YES_ERROR;
				CLANG_WARN_DOCUMENTATION_COMMENTS = YES;
				CLANG_WARN_EMPTY_BODY = YES;
				CLANG_WARN_ENUM_CONVERSION = YES;
				CLANG_WARN_INFINITE_RECURSION = YES;
				CLANG_WARN_INT_CONVERSION = YES;
				CLANG_WARN_NON_LITERAL_NULL_CONVERSION = YES;
				CLANG_WARN_OBJC_IMPLICIT_RETAIN_SELF = YES;
				CLANG_WARN_OBJC_LITERAL_CONVERSION = YES;
				CLANG_WARN_OBJC_ROOT_CLASS = YES_ERROR;
				CLANG_WARN_RANGE_LOOP_ANALYSIS = YES;
				CLANG_WARN_STRICT_PROTOTYPES = YES;
				CLANG_WARN_SUSPICIOUS_MOVE = YES;
				CLANG_WARN_UNGUARDED_AVAILABILITY = YES_AGGRESSIVE;
				CLANG_WARN_UNREACHABLE_CODE = YES;
				CLANG_WARN__DUPLICATE_METHOD_MATCH = YES;
				CODE_SIGN_IDENTITY = "iPhone Developer";
				COPY_PHASE_STRIP = NO;
				DEBUG_INFORMATION_FORMAT = dwarf;
				ENABLE_STRICT_OBJC_MSGSEND = YES;
				ENABLE_TESTABILITY = YES;
				GCC_C_LANGUAGE_STANDARD = gnu11;
				GCC_DYNAMIC_NO_PIC = NO;
				GCC_NO_COMMON_BLOCKS = YES;
				GCC_OPTIMIZATION_LEVEL = 0;
				GCC_PREPROCESSOR_DEFINITIONS = (
					"DEBUG=1",
					"$(inherited)",
				);
				GCC_WARN_64_TO_32_BIT_CONVERSION = YES;
				GCC_WARN_ABOUT_RETURN_TYPE = YES_ERROR;
				GCC_WARN_UNDECLARED_SELECTOR = YES;
				GCC_WARN_UNINITIALIZED_AUTOS = YES_AGGRESSIVE;
				GCC_WARN_UNUSED_FUNCTION = YES;
				GCC_WARN_UNUSED_VARIABLE = YES;
				IPHONEOS_DEPLOYMENT_TARGET = 11.4;
				MTL_ENABLE_DEBUG_INFO = YES;
				ONLY_ACTIVE_ARCH = YES;
				SDKROOT = iphoneos;
			};
			name = Debug;
		};
		33611662215CC2E700CD50C6 /* Release */ = {
			isa = XCBuildConfiguration;
			buildSettings = {
				ALWAYS_SEARCH_USER_PATHS = NO;
				CLANG_ANALYZER_NONNULL = YES;
				CLANG_ANALYZER_NUMBER_OBJECT_CONVERSION = YES_AGGRESSIVE;
				CLANG_CXX_LANGUAGE_STANDARD = "gnu++14";
				CLANG_CXX_LIBRARY = "libc++";
				CLANG_ENABLE_MODULES = YES;
				CLANG_ENABLE_OBJC_ARC = YES;
				CLANG_ENABLE_OBJC_WEAK = YES;
				CLANG_WARN_BLOCK_CAPTURE_AUTORELEASING = YES;
				CLANG_WARN_BOOL_CONVERSION = YES;
				CLANG_WARN_COMMA = YES;
				CLANG_WARN_CONSTANT_CONVERSION = YES;
				CLANG_WARN_DEPRECATED_OBJC_IMPLEMENTATIONS = YES;
				CLANG_WARN_DIRECT_OBJC_ISA_USAGE = YES_ERROR;
				CLANG_WARN_DOCUMENTATION_COMMENTS = YES;
				CLANG_WARN_EMPTY_BODY = YES;
				CLANG_WARN_ENUM_CONVERSION = YES;
				CLANG_WARN_INFINITE_RECURSION = YES;
				CLANG_WARN_INT_CONVERSION = YES;
				CLANG_WARN_NON_LITERAL_NULL_CONVERSION = YES;
				CLANG_WARN_OBJC_IMPLICIT_RETAIN_SELF = YES;
				CLANG_WARN_OBJC_LITERAL_CONVERSION = YES;
				CLANG_WARN_OBJC_ROOT_CLASS = YES_ERROR;
				CLANG_WARN_RANGE_LOOP_ANALYSIS = YES;
				CLANG_WARN_STRICT_PROTOTYPES = YES;
				CLANG_WARN_SUSPICIOUS_MOVE = YES;
				CLANG_WARN_UNGUARDED_AVAILABILITY = YES_AGGRESSIVE;
				CLANG_WARN_UNREACHABLE_CODE = YES;
				CLANG_WARN__DUPLICATE_METHOD_MATCH = YES;
				CODE_SIGN_IDENTITY = "iPhone Developer";
				COPY_PHASE_STRIP = NO;
				DEBUG_INFORMATION_FORMAT = "dwarf-with-dsym";
				ENABLE_NS_ASSERTIONS = NO;
				ENABLE_STRICT_OBJC_MSGSEND = YES;
				GCC_C_LANGUAGE_STANDARD = gnu11;
				GCC_NO_COMMON_BLOCKS = YES;
				GCC_WARN_64_TO_32_BIT_CONVERSION = YES;
				GCC_WARN_ABOUT_RETURN_TYPE = YES_ERROR;
				GCC_WARN_UNDECLARED_SELECTOR = YES;
				GCC_WARN_UNINITIALIZED_AUTOS = YES_AGGRESSIVE;
				GCC_WARN_UNUSED_FUNCTION = YES;
				GCC_WARN_UNUSED_VARIABLE = YES;
				IPHONEOS_DEPLOYMENT_TARGET = 11.4;
				MTL_ENABLE_DEBUG_INFO = NO;
				SDKROOT = iphoneos;
				VALIDATE_PRODUCT = YES;
			};
			name = Release;
		};
		33611664215CC2E700CD50C6 /* Debug */ = {
			isa = XCBuildConfiguration;
			baseConfigurationReference = 5D07E627CEF9D58967ED69DB /* Pods-SkyPixel.debug.xcconfig */;
			buildSettings = {
				ASSETCATALOG_COMPILER_APPICON_NAME = AppIcon;
				CODE_SIGN_STYLE = Automatic;
				DEVELOPMENT_TEAM = S78RUL88S5;
				INFOPLIST_FILE = SkyPixel/Info.plist;
				LD_RUNPATH_SEARCH_PATHS = (
					"$(inherited)",
					"@executable_path/Frameworks",
				);
				PRODUCT_BUNDLE_IDENTIFIER = com.xiang.SkyPixel;
				PRODUCT_NAME = "$(TARGET_NAME)";
				TARGETED_DEVICE_FAMILY = "1,2";
			};
			name = Debug;
		};
		33611665215CC2E700CD50C6 /* Release */ = {
			isa = XCBuildConfiguration;
			baseConfigurationReference = E3690AAE93EE00F3E02590F4 /* Pods-SkyPixel.release.xcconfig */;
			buildSettings = {
				ASSETCATALOG_COMPILER_APPICON_NAME = AppIcon;
				CODE_SIGN_STYLE = Automatic;
				DEVELOPMENT_TEAM = S78RUL88S5;
				INFOPLIST_FILE = SkyPixel/Info.plist;
				LD_RUNPATH_SEARCH_PATHS = (
					"$(inherited)",
					"@executable_path/Frameworks",
				);
				PRODUCT_BUNDLE_IDENTIFIER = com.xiang.SkyPixel;
				PRODUCT_NAME = "$(TARGET_NAME)";
				TARGETED_DEVICE_FAMILY = "1,2";
			};
			name = Release;
		};
		33F45981215CD0010048BC46 /* Debug */ = {
			isa = XCBuildConfiguration;
			buildSettings = {
				BUNDLE_LOADER = "$(TEST_HOST)";
				CODE_SIGN_STYLE = Automatic;
				DEVELOPMENT_TEAM = S78RUL88S5;
				INFOPLIST_FILE = SkyPixelTests/Info.plist;
				LD_RUNPATH_SEARCH_PATHS = (
					"$(inherited)",
					"@executable_path/Frameworks",
					"@loader_path/Frameworks",
				);
				PRODUCT_BUNDLE_IDENTIFIER = com.xiang.SkyPixelTests;
				PRODUCT_NAME = "$(TARGET_NAME)";
				TARGETED_DEVICE_FAMILY = "1,2";
				TEST_HOST = "$(BUILT_PRODUCTS_DIR)/SkyPixel.app/SkyPixel";
			};
			name = Debug;
		};
		33F45982215CD0010048BC46 /* Release */ = {
			isa = XCBuildConfiguration;
			buildSettings = {
				BUNDLE_LOADER = "$(TEST_HOST)";
				CODE_SIGN_STYLE = Automatic;
				DEVELOPMENT_TEAM = S78RUL88S5;
				INFOPLIST_FILE = SkyPixelTests/Info.plist;
				LD_RUNPATH_SEARCH_PATHS = (
					"$(inherited)",
					"@executable_path/Frameworks",
					"@loader_path/Frameworks",
				);
				PRODUCT_BUNDLE_IDENTIFIER = com.xiang.SkyPixelTests;
				PRODUCT_NAME = "$(TARGET_NAME)";
				TARGETED_DEVICE_FAMILY = "1,2";
				TEST_HOST = "$(BUILT_PRODUCTS_DIR)/SkyPixel.app/SkyPixel";
			};
			name = Release;
		};
/* End XCBuildConfiguration section */

/* Begin XCConfigurationList section */
		33611645215CC2E500CD50C6 /* Build configuration list for PBXProject "SkyPixel" */ = {
			isa = XCConfigurationList;
			buildConfigurations = (
				33611661215CC2E700CD50C6 /* Debug */,
				33611662215CC2E700CD50C6 /* Release */,
			);
			defaultConfigurationIsVisible = 0;
			defaultConfigurationName = Release;
		};
		33611663215CC2E700CD50C6 /* Build configuration list for PBXNativeTarget "SkyPixel" */ = {
			isa = XCConfigurationList;
			buildConfigurations = (
				33611664215CC2E700CD50C6 /* Debug */,
				33611665215CC2E700CD50C6 /* Release */,
			);
			defaultConfigurationIsVisible = 0;
			defaultConfigurationName = Release;
		};
		33F45980215CD0010048BC46 /* Build configuration list for PBXNativeTarget "SkyPixelTests" */ = {
			isa = XCConfigurationList;
			buildConfigurations = (
				33F45981215CD0010048BC46 /* Debug */,
				33F45982215CD0010048BC46 /* Release */,
			);
			defaultConfigurationIsVisible = 0;
			defaultConfigurationName = Release;
		};
/* End XCConfigurationList section */
	};
	rootObject = 33611642215CC2E500CD50C6 /* Project object */;
}
